// !$*UTF8*$!
{
	archiveVersion = 1;
	classes = {
	};
	objectVersion = 55;
	objects = {

/* Begin PBXBuildFile section */
		0A11A10A2763BCEC00FFDA75 /* LoginView.swift in Sources */ = {isa = PBXBuildFile; fileRef = 0A11A1092763BCEC00FFDA75 /* LoginView.swift */; };
		0A11A10C2763C1E200FFDA75 /* LogoutButton.swift in Sources */ = {isa = PBXBuildFile; fileRef = 0A11A10B2763C1E200FFDA75 /* LogoutButton.swift */; };
		0A11A10E2763CCD400FFDA75 /* GameView.swift in Sources */ = {isa = PBXBuildFile; fileRef = 0A11A10D2763CCD400FFDA75 /* GameView.swift */; };
		0A11A1102763D38200FFDA75 /* CellView.swift in Sources */ = {isa = PBXBuildFile; fileRef = 0A11A10F2763D38200FFDA75 /* CellView.swift */; };
		0A11A1122763D60300FFDA75 /* MineCountView.swift in Sources */ = {isa = PBXBuildFile; fileRef = 0A11A1112763D60300FFDA75 /* MineCountView.swift */; };
		0A11A1182763D6F700FFDA75 /* _PreviewColorScheme.swift in Sources */ = {isa = PBXBuildFile; fileRef = 0A11A1142763D6F700FFDA75 /* _PreviewColorScheme.swift */; };
		0A11A1192763D6F700FFDA75 /* _PreviewNoDevice.swift in Sources */ = {isa = PBXBuildFile; fileRef = 0A11A1152763D6F700FFDA75 /* _PreviewNoDevice.swift */; };
		0A11A11A2763D6F700FFDA75 /* _PreviewOrientation.swift in Sources */ = {isa = PBXBuildFile; fileRef = 0A11A1162763D6F700FFDA75 /* _PreviewOrientation.swift */; };
		0A11A11B2763D6F700FFDA75 /* _PreviewDevices.swift in Sources */ = {isa = PBXBuildFile; fileRef = 0A11A1172763D6F700FFDA75 /* _PreviewDevices.swift */; };
		0A1BFA0B27690DA700301ED1 /* MineView.swift in Sources */ = {isa = PBXBuildFile; fileRef = 0A1BFA0A27690DA600301ED1 /* MineView.swift */; };
		0A1F502D276A1799009FDAD4 /* FlagView.swift in Sources */ = {isa = PBXBuildFile; fileRef = 0A1F502C276A1799009FDAD4 /* FlagView.swift */; };
		0A1F502F276A18FB009FDAD4 /* BoardView.swift in Sources */ = {isa = PBXBuildFile; fileRef = 0A1F502E276A18FB009FDAD4 /* BoardView.swift */; };
		0A1F5031276A26E3009FDAD4 /* TileView.swift in Sources */ = {isa = PBXBuildFile; fileRef = 0A1F5030276A26E3009FDAD4 /* TileView.swift */; };
		0A1F5034276A4BA8009FDAD4 /* TextDate.swift in Sources */ = {isa = PBXBuildFile; fileRef = 0A1F5033276A4BA8009FDAD4 /* TextDate.swift */; };
		0A1F5039276B5F49009FDAD4 /* SettingsView.swift in Sources */ = {isa = PBXBuildFile; fileRef = 0A1F5038276B5F49009FDAD4 /* SettingsView.swift */; };
		0A2BDB74276CCD5900A7A866 /* LEDCounter.swift in Sources */ = {isa = PBXBuildFile; fileRef = 0A2BDB73276CCD5900A7A866 /* LEDCounter.swift */; };
		0A2BDB76276CD15500A7A866 /* CrystalItalic-R6A.ttf in Resources */ = {isa = PBXBuildFile; fileRef = 0A2BDB75276CD15500A7A866 /* CrystalItalic-R6A.ttf */; };
		0ABC00192763A0FC003E059B /* RealmSweeperApp.swift in Sources */ = {isa = PBXBuildFile; fileRef = 0ABC00182763A0FC003E059B /* RealmSweeperApp.swift */; };
		0ABC001B2763A0FC003E059B /* ContentView.swift in Sources */ = {isa = PBXBuildFile; fileRef = 0ABC001A2763A0FC003E059B /* ContentView.swift */; };
		0ABC001D2763A0FF003E059B /* Assets.xcassets in Resources */ = {isa = PBXBuildFile; fileRef = 0ABC001C2763A0FF003E059B /* Assets.xcassets */; };
		0ABC00202763A0FF003E059B /* Preview Assets.xcassets in Resources */ = {isa = PBXBuildFile; fileRef = 0ABC001F2763A0FF003E059B /* Preview Assets.xcassets */; };
		0ABC00282763A151003E059B /* Realm in Frameworks */ = {isa = PBXBuildFile; productRef = 0ABC00272763A151003E059B /* Realm */; };
		0ABC002A2763A151003E059B /* RealmSwift in Frameworks */ = {isa = PBXBuildFile; productRef = 0ABC00292763A151003E059B /* RealmSwift */; };
		0ABC00312763A2A2003E059B /* Cell.swift in Sources */ = {isa = PBXBuildFile; fileRef = 0ABC00302763A2A2003E059B /* Cell.swift */; };
		0ABC00332763A3F6003E059B /* Board.swift in Sources */ = {isa = PBXBuildFile; fileRef = 0ABC00322763A3F6003E059B /* Board.swift */; };
		0ABC00352763A494003E059B /* Row.swift in Sources */ = {isa = PBXBuildFile; fileRef = 0ABC00342763A494003E059B /* Row.swift */; };
		0ABC00372763AE85003E059B /* Game.swift in Sources */ = {isa = PBXBuildFile; fileRef = 0ABC00362763AE85003E059B /* Game.swift */; };
		0ABC00392763B394003E059B /* GameListView.swift in Sources */ = {isa = PBXBuildFile; fileRef = 0ABC00382763B394003E059B /* GameListView.swift */; };
		0AE16579276BCD5A00A5D6A8 /* StatusButton.swift in Sources */ = {isa = PBXBuildFile; fileRef = 0AE16578276BCD5A00A5D6A8 /* StatusButton.swift */; };
		0AE1657D276C141300A5D6A8 /* GameSummaryView.swift in Sources */ = {isa = PBXBuildFile; fileRef = 0AE1657C276C141300A5D6A8 /* GameSummaryView.swift */; };
/* End PBXBuildFile section */

/* Begin PBXFileReference section */
		0A11A1092763BCEC00FFDA75 /* LoginView.swift */ = {isa = PBXFileReference; lastKnownFileType = sourcecode.swift; path = LoginView.swift; sourceTree = "<group>"; };
		0A11A10B2763C1E200FFDA75 /* LogoutButton.swift */ = {isa = PBXFileReference; lastKnownFileType = sourcecode.swift; path = LogoutButton.swift; sourceTree = "<group>"; };
		0A11A10D2763CCD400FFDA75 /* GameView.swift */ = {isa = PBXFileReference; lastKnownFileType = sourcecode.swift; path = GameView.swift; sourceTree = "<group>"; };
		0A11A10F2763D38200FFDA75 /* CellView.swift */ = {isa = PBXFileReference; lastKnownFileType = sourcecode.swift; path = CellView.swift; sourceTree = "<group>"; };
		0A11A1112763D60300FFDA75 /* MineCountView.swift */ = {isa = PBXFileReference; lastKnownFileType = sourcecode.swift; path = MineCountView.swift; sourceTree = "<group>"; };
		0A11A1142763D6F700FFDA75 /* _PreviewColorScheme.swift */ = {isa = PBXFileReference; fileEncoding = 4; lastKnownFileType = sourcecode.swift; path = _PreviewColorScheme.swift; sourceTree = "<group>"; };
		0A11A1152763D6F700FFDA75 /* _PreviewNoDevice.swift */ = {isa = PBXFileReference; fileEncoding = 4; lastKnownFileType = sourcecode.swift; path = _PreviewNoDevice.swift; sourceTree = "<group>"; };
		0A11A1162763D6F700FFDA75 /* _PreviewOrientation.swift */ = {isa = PBXFileReference; fileEncoding = 4; lastKnownFileType = sourcecode.swift; path = _PreviewOrientation.swift; sourceTree = "<group>"; };
		0A11A1172763D6F700FFDA75 /* _PreviewDevices.swift */ = {isa = PBXFileReference; fileEncoding = 4; lastKnownFileType = sourcecode.swift; path = _PreviewDevices.swift; sourceTree = "<group>"; };
		0A1BFA0A27690DA600301ED1 /* MineView.swift */ = {isa = PBXFileReference; lastKnownFileType = sourcecode.swift; path = MineView.swift; sourceTree = "<group>"; };
		0A1F502C276A1799009FDAD4 /* FlagView.swift */ = {isa = PBXFileReference; lastKnownFileType = sourcecode.swift; path = FlagView.swift; sourceTree = "<group>"; };
		0A1F502E276A18FB009FDAD4 /* BoardView.swift */ = {isa = PBXFileReference; lastKnownFileType = sourcecode.swift; path = BoardView.swift; sourceTree = "<group>"; };
		0A1F5030276A26E3009FDAD4 /* TileView.swift */ = {isa = PBXFileReference; lastKnownFileType = sourcecode.swift; path = TileView.swift; sourceTree = "<group>"; };
		0A1F5033276A4BA8009FDAD4 /* TextDate.swift */ = {isa = PBXFileReference; lastKnownFileType = sourcecode.swift; path = TextDate.swift; sourceTree = "<group>"; };
		0A1F5038276B5F49009FDAD4 /* SettingsView.swift */ = {isa = PBXFileReference; lastKnownFileType = sourcecode.swift; path = SettingsView.swift; sourceTree = "<group>"; };
		0A2BDB73276CCD5900A7A866 /* LEDCounter.swift */ = {isa = PBXFileReference; fileEncoding = 4; lastKnownFileType = sourcecode.swift; path = LEDCounter.swift; sourceTree = "<group>"; };
		0A2BDB75276CD15500A7A866 /* CrystalItalic-R6A.ttf */ = {isa = PBXFileReference; lastKnownFileType = file; path = "CrystalItalic-R6A.ttf"; sourceTree = "<group>"; };
		0ABC00152763A0FC003E059B /* RealmSweeper.app */ = {isa = PBXFileReference; explicitFileType = wrapper.application; includeInIndex = 0; path = RealmSweeper.app; sourceTree = BUILT_PRODUCTS_DIR; };
		0ABC00182763A0FC003E059B /* RealmSweeperApp.swift */ = {isa = PBXFileReference; lastKnownFileType = sourcecode.swift; path = RealmSweeperApp.swift; sourceTree = "<group>"; };
		0ABC001A2763A0FC003E059B /* ContentView.swift */ = {isa = PBXFileReference; lastKnownFileType = sourcecode.swift; path = ContentView.swift; sourceTree = "<group>"; };
		0ABC001C2763A0FF003E059B /* Assets.xcassets */ = {isa = PBXFileReference; lastKnownFileType = folder.assetcatalog; path = Assets.xcassets; sourceTree = "<group>"; };
		0ABC001F2763A0FF003E059B /* Preview Assets.xcassets */ = {isa = PBXFileReference; lastKnownFileType = folder.assetcatalog; path = "Preview Assets.xcassets"; sourceTree = "<group>"; };
		0ABC002B2763A1E7003E059B /* Info.plist */ = {isa = PBXFileReference; lastKnownFileType = text.plist; path = Info.plist; sourceTree = "<group>"; };
		0ABC00302763A2A2003E059B /* Cell.swift */ = {isa = PBXFileReference; lastKnownFileType = sourcecode.swift; path = Cell.swift; sourceTree = "<group>"; };
		0ABC00322763A3F6003E059B /* Board.swift */ = {isa = PBXFileReference; lastKnownFileType = sourcecode.swift; path = Board.swift; sourceTree = "<group>"; };
		0ABC00342763A494003E059B /* Row.swift */ = {isa = PBXFileReference; lastKnownFileType = sourcecode.swift; path = Row.swift; sourceTree = "<group>"; };
		0ABC00362763AE85003E059B /* Game.swift */ = {isa = PBXFileReference; lastKnownFileType = sourcecode.swift; path = Game.swift; sourceTree = "<group>"; };
		0ABC00382763B394003E059B /* GameListView.swift */ = {isa = PBXFileReference; lastKnownFileType = sourcecode.swift; path = GameListView.swift; sourceTree = "<group>"; };
		0AE16578276BCD5A00A5D6A8 /* StatusButton.swift */ = {isa = PBXFileReference; lastKnownFileType = sourcecode.swift; path = StatusButton.swift; sourceTree = "<group>"; };
		0AE1657C276C141300A5D6A8 /* GameSummaryView.swift */ = {isa = PBXFileReference; lastKnownFileType = sourcecode.swift; path = GameSummaryView.swift; sourceTree = "<group>"; };
/* End PBXFileReference section */

/* Begin PBXFrameworksBuildPhase section */
		0ABC00122763A0FC003E059B /* Frameworks */ = {
			isa = PBXFrameworksBuildPhase;
			buildActionMask = 2147483647;
			files = (
				0ABC002A2763A151003E059B /* RealmSwift in Frameworks */,
				0ABC00282763A151003E059B /* Realm in Frameworks */,
			);
			runOnlyForDeploymentPostprocessing = 0;
		};
/* End PBXFrameworksBuildPhase section */

/* Begin PBXGroup section */
		0A11A1132763D6F700FFDA75 /* Custom Previews */ = {
			isa = PBXGroup;
			children = (
				0A11A1142763D6F700FFDA75 /* _PreviewColorScheme.swift */,
				0A11A1152763D6F700FFDA75 /* _PreviewNoDevice.swift */,
				0A11A1162763D6F700FFDA75 /* _PreviewOrientation.swift */,
				0A11A1172763D6F700FFDA75 /* _PreviewDevices.swift */,
			);
			path = "Custom Previews";
			sourceTree = "<group>";
		};
		0A1F5032276A4B93009FDAD4 /* Components */ = {
			isa = PBXGroup;
			children = (
				0A1F5033276A4BA8009FDAD4 /* TextDate.swift */,
			);
			path = Components;
			sourceTree = "<group>";
		};
		0A1F5035276B5EC1009FDAD4 /* Tiles */ = {
			isa = PBXGroup;
			children = (
				0A11A1112763D60300FFDA75 /* MineCountView.swift */,
				0A1BFA0A27690DA600301ED1 /* MineView.swift */,
				0A1F502C276A1799009FDAD4 /* FlagView.swift */,
				0A1F5030276A26E3009FDAD4 /* TileView.swift */,
				0A11A10F2763D38200FFDA75 /* CellView.swift */,
			);
			path = Tiles;
			sourceTree = "<group>";
		};
		0A1F5036276B5EFD009FDAD4 /* Users */ = {
			isa = PBXGroup;
			children = (
				0A11A1092763BCEC00FFDA75 /* LoginView.swift */,
				0A11A10B2763C1E200FFDA75 /* LogoutButton.swift */,
			);
			path = Users;
			sourceTree = "<group>";
		};
		0A1F5037276B5F20009FDAD4 /* Game */ = {
			isa = PBXGroup;
			children = (
				0A11A10D2763CCD400FFDA75 /* GameView.swift */,
				0A1F502E276A18FB009FDAD4 /* BoardView.swift */,
			);
			path = Game;
			sourceTree = "<group>";
		};
		0A802454276BAF51002E7B61 /* Counters */ = {
			isa = PBXGroup;
			children = (
				0A2BDB75276CD15500A7A866 /* CrystalItalic-R6A.ttf */,
				0A2BDB73276CCD5900A7A866 /* LEDCounter.swift */,
			);
			path = Counters;
			sourceTree = "<group>";
		};
		0ABC000C2763A0FC003E059B = {
			isa = PBXGroup;
			children = (
				0ABC00172763A0FC003E059B /* RealmSweeper */,
				0ABC00162763A0FC003E059B /* Products */,
			);
			sourceTree = "<group>";
		};
		0ABC00162763A0FC003E059B /* Products */ = {
			isa = PBXGroup;
			children = (
				0ABC00152763A0FC003E059B /* RealmSweeper.app */,
			);
			name = Products;
			sourceTree = "<group>";
		};
		0ABC00172763A0FC003E059B /* RealmSweeper */ = {
			isa = PBXGroup;
			children = (
				0ABC00182763A0FC003E059B /* RealmSweeperApp.swift */,
				0ABC002C2763A242003E059B /* Views */,
				0ABC002D2763A26A003E059B /* Model */,
				0A11A1132763D6F700FFDA75 /* Custom Previews */,
				0ABC002B2763A1E7003E059B /* Info.plist */,
				0ABC001C2763A0FF003E059B /* Assets.xcassets */,
				0ABC001E2763A0FF003E059B /* Preview Content */,
			);
			path = RealmSweeper;
			sourceTree = "<group>";
		};
		0ABC001E2763A0FF003E059B /* Preview Content */ = {
			isa = PBXGroup;
			children = (
				0ABC001F2763A0FF003E059B /* Preview Assets.xcassets */,
			);
			path = "Preview Content";
			sourceTree = "<group>";
		};
		0ABC002C2763A242003E059B /* Views */ = {
			isa = PBXGroup;
			children = (
				0ABC001A2763A0FC003E059B /* ContentView.swift */,
				0A1F5032276A4B93009FDAD4 /* Components */,
				0A1F5036276B5EFD009FDAD4 /* Users */,
				0AE1657E276CAAFA00A5D6A8 /* Game List */,
				0AE16577276BCD1D00A5D6A8 /* Control Box */,
				0A1F5037276B5F20009FDAD4 /* Game */,
				0A1F5035276B5EC1009FDAD4 /* Tiles */,
				0A1F5038276B5F49009FDAD4 /* SettingsView.swift */,
			);
			path = Views;
			sourceTree = "<group>";
		};
		0ABC002D2763A26A003E059B /* Model */ = {
			isa = PBXGroup;
			children = (
				0ABC00302763A2A2003E059B /* Cell.swift */,
				0ABC00342763A494003E059B /* Row.swift */,
				0ABC00322763A3F6003E059B /* Board.swift */,
				0ABC00362763AE85003E059B /* Game.swift */,
			);
			path = Model;
			sourceTree = "<group>";
		};
		0AE16577276BCD1D00A5D6A8 /* Control Box */ = {
			isa = PBXGroup;
			children = (
				0A802454276BAF51002E7B61 /* Counters */,
				0AE16578276BCD5A00A5D6A8 /* StatusButton.swift */,
			);
			path = "Control Box";
			sourceTree = "<group>";
		};
		0AE1657E276CAAFA00A5D6A8 /* Game List */ = {
			isa = PBXGroup;
			children = (
				0ABC00382763B394003E059B /* GameListView.swift */,
				0AE1657C276C141300A5D6A8 /* GameSummaryView.swift */,
			);
			path = "Game List";
			sourceTree = "<group>";
		};
/* End PBXGroup section */

/* Begin PBXNativeTarget section */
		0ABC00142763A0FC003E059B /* RealmSweeper */ = {
			isa = PBXNativeTarget;
			buildConfigurationList = 0ABC00232763A0FF003E059B /* Build configuration list for PBXNativeTarget "RealmSweeper" */;
			buildPhases = (
				0ABC00112763A0FC003E059B /* Sources */,
				0ABC00122763A0FC003E059B /* Frameworks */,
				0ABC00132763A0FC003E059B /* Resources */,
			);
			buildRules = (
			);
			dependencies = (
			);
			name = RealmSweeper;
			packageProductDependencies = (
				0ABC00272763A151003E059B /* Realm */,
				0ABC00292763A151003E059B /* RealmSwift */,
			);
			productName = RealmSweeper;
			productReference = 0ABC00152763A0FC003E059B /* RealmSweeper.app */;
			productType = "com.apple.product-type.application";
		};
/* End PBXNativeTarget section */

/* Begin PBXProject section */
		0ABC000D2763A0FC003E059B /* Project object */ = {
			isa = PBXProject;
			attributes = {
				BuildIndependentTargetsInParallel = 1;
				LastSwiftUpdateCheck = 1300;
				LastUpgradeCheck = 1300;
				TargetAttributes = {
					0ABC00142763A0FC003E059B = {
						CreatedOnToolsVersion = 13.0;
					};
				};
			};
			buildConfigurationList = 0ABC00102763A0FC003E059B /* Build configuration list for PBXProject "RealmSweeper" */;
			compatibilityVersion = "Xcode 13.0";
			developmentRegion = en;
			hasScannedForEncodings = 0;
			knownRegions = (
				en,
				Base,
			);
			mainGroup = 0ABC000C2763A0FC003E059B;
			packageReferences = (
				0ABC00262763A151003E059B /* XCRemoteSwiftPackageReference "realm-cocoa" */,
			);
			productRefGroup = 0ABC00162763A0FC003E059B /* Products */;
			projectDirPath = "";
			projectRoot = "";
			targets = (
				0ABC00142763A0FC003E059B /* RealmSweeper */,
			);
		};
/* End PBXProject section */

/* Begin PBXResourcesBuildPhase section */
		0ABC00132763A0FC003E059B /* Resources */ = {
			isa = PBXResourcesBuildPhase;
			buildActionMask = 2147483647;
			files = (
				0A2BDB76276CD15500A7A866 /* CrystalItalic-R6A.ttf in Resources */,
				0ABC00202763A0FF003E059B /* Preview Assets.xcassets in Resources */,
				0ABC001D2763A0FF003E059B /* Assets.xcassets in Resources */,
			);
			runOnlyForDeploymentPostprocessing = 0;
		};
/* End PBXResourcesBuildPhase section */

/* Begin PBXSourcesBuildPhase section */
		0ABC00112763A0FC003E059B /* Sources */ = {
			isa = PBXSourcesBuildPhase;
			buildActionMask = 2147483647;
			files = (
				0A11A1102763D38200FFDA75 /* CellView.swift in Sources */,
				0ABC001B2763A0FC003E059B /* ContentView.swift in Sources */,
				0A11A1182763D6F700FFDA75 /* _PreviewColorScheme.swift in Sources */,
				0ABC00372763AE85003E059B /* Game.swift in Sources */,
				0A1F502D276A1799009FDAD4 /* FlagView.swift in Sources */,
				0A11A11B2763D6F700FFDA75 /* _PreviewDevices.swift in Sources */,
				0ABC00392763B394003E059B /* GameListView.swift in Sources */,
				0A11A11A2763D6F700FFDA75 /* _PreviewOrientation.swift in Sources */,
				0ABC00192763A0FC003E059B /* RealmSweeperApp.swift in Sources */,
				0A11A10E2763CCD400FFDA75 /* GameView.swift in Sources */,
				0A11A1192763D6F700FFDA75 /* _PreviewNoDevice.swift in Sources */,
				0A11A1122763D60300FFDA75 /* MineCountView.swift in Sources */,
				0AE16579276BCD5A00A5D6A8 /* StatusButton.swift in Sources */,
				0A1BFA0B27690DA700301ED1 /* MineView.swift in Sources */,
				0ABC00332763A3F6003E059B /* Board.swift in Sources */,
				0A1F5034276A4BA8009FDAD4 /* TextDate.swift in Sources */,
				0ABC00352763A494003E059B /* Row.swift in Sources */,
				0A1F502F276A18FB009FDAD4 /* BoardView.swift in Sources */,
				0A11A10A2763BCEC00FFDA75 /* LoginView.swift in Sources */,
				0A11A10C2763C1E200FFDA75 /* LogoutButton.swift in Sources */,
				0AE1657D276C141300A5D6A8 /* GameSummaryView.swift in Sources */,
				0A1F5031276A26E3009FDAD4 /* TileView.swift in Sources */,
				0ABC00312763A2A2003E059B /* Cell.swift in Sources */,
				0A1F5039276B5F49009FDAD4 /* SettingsView.swift in Sources */,
				0A2BDB74276CCD5900A7A866 /* LEDCounter.swift in Sources */,
			);
			runOnlyForDeploymentPostprocessing = 0;
		};
/* End PBXSourcesBuildPhase section */

/* Begin XCBuildConfiguration section */
		0ABC00212763A0FF003E059B /* Debug */ = {
			isa = XCBuildConfiguration;
			buildSettings = {
				ALWAYS_SEARCH_USER_PATHS = NO;
				CLANG_ANALYZER_NONNULL = YES;
				CLANG_ANALYZER_NUMBER_OBJECT_CONVERSION = YES_AGGRESSIVE;
				CLANG_CXX_LANGUAGE_STANDARD = "gnu++17";
				CLANG_CXX_LIBRARY = "libc++";
				CLANG_ENABLE_MODULES = YES;
				CLANG_ENABLE_OBJC_ARC = YES;
				CLANG_ENABLE_OBJC_WEAK = YES;
				CLANG_WARN_BLOCK_CAPTURE_AUTORELEASING = YES;
				CLANG_WARN_BOOL_CONVERSION = YES;
				CLANG_WARN_COMMA = YES;
				CLANG_WARN_CONSTANT_CONVERSION = YES;
				CLANG_WARN_DEPRECATED_OBJC_IMPLEMENTATIONS = YES;
				CLANG_WARN_DIRECT_OBJC_ISA_USAGE = YES_ERROR;
				CLANG_WARN_DOCUMENTATION_COMMENTS = YES;
				CLANG_WARN_EMPTY_BODY = YES;
				CLANG_WARN_ENUM_CONVERSION = YES;
				CLANG_WARN_INFINITE_RECURSION = YES;
				CLANG_WARN_INT_CONVERSION = YES;
				CLANG_WARN_NON_LITERAL_NULL_CONVERSION = YES;
				CLANG_WARN_OBJC_IMPLICIT_RETAIN_SELF = YES;
				CLANG_WARN_OBJC_LITERAL_CONVERSION = YES;
				CLANG_WARN_OBJC_ROOT_CLASS = YES_ERROR;
				CLANG_WARN_QUOTED_INCLUDE_IN_FRAMEWORK_HEADER = YES;
				CLANG_WARN_RANGE_LOOP_ANALYSIS = YES;
				CLANG_WARN_STRICT_PROTOTYPES = YES;
				CLANG_WARN_SUSPICIOUS_MOVE = YES;
				CLANG_WARN_UNGUARDED_AVAILABILITY = YES_AGGRESSIVE;
				CLANG_WARN_UNREACHABLE_CODE = YES;
				CLANG_WARN__DUPLICATE_METHOD_MATCH = YES;
				COPY_PHASE_STRIP = NO;
				DEBUG_INFORMATION_FORMAT = dwarf;
				ENABLE_STRICT_OBJC_MSGSEND = YES;
				ENABLE_TESTABILITY = YES;
				GCC_C_LANGUAGE_STANDARD = gnu11;
				GCC_DYNAMIC_NO_PIC = NO;
				GCC_NO_COMMON_BLOCKS = YES;
				GCC_OPTIMIZATION_LEVEL = 0;
				GCC_PREPROCESSOR_DEFINITIONS = (
					"DEBUG=1",
					"$(inherited)",
				);
				GCC_WARN_64_TO_32_BIT_CONVERSION = YES;
				GCC_WARN_ABOUT_RETURN_TYPE = YES_ERROR;
				GCC_WARN_UNDECLARED_SELECTOR = YES;
				GCC_WARN_UNINITIALIZED_AUTOS = YES_AGGRESSIVE;
				GCC_WARN_UNUSED_FUNCTION = YES;
				GCC_WARN_UNUSED_VARIABLE = YES;
				IPHONEOS_DEPLOYMENT_TARGET = 15.0;
				MTL_ENABLE_DEBUG_INFO = INCLUDE_SOURCE;
				MTL_FAST_MATH = YES;
				ONLY_ACTIVE_ARCH = YES;
				SDKROOT = iphoneos;
				SWIFT_ACTIVE_COMPILATION_CONDITIONS = DEBUG;
				SWIFT_OPTIMIZATION_LEVEL = "-Onone";
			};
			name = Debug;
		};
		0ABC00222763A0FF003E059B /* Release */ = {
			isa = XCBuildConfiguration;
			buildSettings = {
				ALWAYS_SEARCH_USER_PATHS = NO;
				CLANG_ANALYZER_NONNULL = YES;
				CLANG_ANALYZER_NUMBER_OBJECT_CONVERSION = YES_AGGRESSIVE;
				CLANG_CXX_LANGUAGE_STANDARD = "gnu++17";
				CLANG_CXX_LIBRARY = "libc++";
				CLANG_ENABLE_MODULES = YES;
				CLANG_ENABLE_OBJC_ARC = YES;
				CLANG_ENABLE_OBJC_WEAK = YES;
				CLANG_WARN_BLOCK_CAPTURE_AUTORELEASING = YES;
				CLANG_WARN_BOOL_CONVERSION = YES;
				CLANG_WARN_COMMA = YES;
				CLANG_WARN_CONSTANT_CONVERSION = YES;
				CLANG_WARN_DEPRECATED_OBJC_IMPLEMENTATIONS = YES;
				CLANG_WARN_DIRECT_OBJC_ISA_USAGE = YES_ERROR;
				CLANG_WARN_DOCUMENTATION_COMMENTS = YES;
				CLANG_WARN_EMPTY_BODY = YES;
				CLANG_WARN_ENUM_CONVERSION = YES;
				CLANG_WARN_INFINITE_RECURSION = YES;
				CLANG_WARN_INT_CONVERSION = YES;
				CLANG_WARN_NON_LITERAL_NULL_CONVERSION = YES;
				CLANG_WARN_OBJC_IMPLICIT_RETAIN_SELF = YES;
				CLANG_WARN_OBJC_LITERAL_CONVERSION = YES;
				CLANG_WARN_OBJC_ROOT_CLASS = YES_ERROR;
				CLANG_WARN_QUOTED_INCLUDE_IN_FRAMEWORK_HEADER = YES;
				CLANG_WARN_RANGE_LOOP_ANALYSIS = YES;
				CLANG_WARN_STRICT_PROTOTYPES = YES;
				CLANG_WARN_SUSPICIOUS_MOVE = YES;
				CLANG_WARN_UNGUARDED_AVAILABILITY = YES_AGGRESSIVE;
				CLANG_WARN_UNREACHABLE_CODE = YES;
				CLANG_WARN__DUPLICATE_METHOD_MATCH = YES;
				COPY_PHASE_STRIP = NO;
				DEBUG_INFORMATION_FORMAT = "dwarf-with-dsym";
				ENABLE_NS_ASSERTIONS = NO;
				ENABLE_STRICT_OBJC_MSGSEND = YES;
				GCC_C_LANGUAGE_STANDARD = gnu11;
				GCC_NO_COMMON_BLOCKS = YES;
				GCC_WARN_64_TO_32_BIT_CONVERSION = YES;
				GCC_WARN_ABOUT_RETURN_TYPE = YES_ERROR;
				GCC_WARN_UNDECLARED_SELECTOR = YES;
				GCC_WARN_UNINITIALIZED_AUTOS = YES_AGGRESSIVE;
				GCC_WARN_UNUSED_FUNCTION = YES;
				GCC_WARN_UNUSED_VARIABLE = YES;
				IPHONEOS_DEPLOYMENT_TARGET = 15.0;
				MTL_ENABLE_DEBUG_INFO = NO;
				MTL_FAST_MATH = YES;
				SDKROOT = iphoneos;
				SWIFT_COMPILATION_MODE = wholemodule;
				SWIFT_OPTIMIZATION_LEVEL = "-O";
				VALIDATE_PRODUCT = YES;
			};
			name = Release;
		};
		0ABC00242763A0FF003E059B /* Debug */ = {
			isa = XCBuildConfiguration;
			buildSettings = {
				ASSETCATALOG_COMPILER_APPICON_NAME = AppIcon;
				ASSETCATALOG_COMPILER_GLOBAL_ACCENT_COLOR_NAME = AccentColor;
				ASSETCATALOG_COMPILER_INCLUDE_ALL_APPICON_ASSETS = YES;
				CODE_SIGN_STYLE = Automatic;
				CURRENT_PROJECT_VERSION = 1;
				DEVELOPMENT_ASSET_PATHS = "\"RealmSweeper/Preview Content\"";
				DEVELOPMENT_TEAM = CV5PJSAH7N;
				ENABLE_PREVIEWS = YES;
				GENERATE_INFOPLIST_FILE = YES;
				INFOPLIST_FILE = RealmSweeper/Info.plist;
				INFOPLIST_KEY_UIApplicationSupportsIndirectInputEvents = YES;
				INFOPLIST_KEY_UILaunchScreen_Generation = YES;
				INFOPLIST_KEY_UIRequiresFullScreen = YES;
				INFOPLIST_KEY_UISupportedInterfaceOrientations = UIInterfaceOrientationPortrait;
				INFOPLIST_KEY_UISupportedInterfaceOrientations_iPad = "UIInterfaceOrientationPortrait UIInterfaceOrientationPortraitUpsideDown UIInterfaceOrientationLandscapeLeft UIInterfaceOrientationLandscapeRight";
				INFOPLIST_KEY_UISupportedInterfaceOrientations_iPhone = "UIInterfaceOrientationPortrait UIInterfaceOrientationLandscapeLeft UIInterfaceOrientationLandscapeRight";
				IPHONEOS_DEPLOYMENT_TARGET = 15.0;
				LD_RUNPATH_SEARCH_PATHS = (
					"$(inherited)",
					"@executable_path/Frameworks",
				);
				MARKETING_VERSION = 1.0;
				PRODUCT_BUNDLE_IDENTIFIER = com.clusterdb.RealmSweeper;
				PRODUCT_NAME = "$(TARGET_NAME)";
				SWIFT_EMIT_LOC_STRINGS = YES;
				SWIFT_VERSION = 5.0;
				TARGETED_DEVICE_FAMILY = "1,2";
			};
			name = Debug;
		};
		0ABC00252763A0FF003E059B /* Release */ = {
			isa = XCBuildConfiguration;
			buildSettings = {
				ASSETCATALOG_COMPILER_APPICON_NAME = AppIcon;
				ASSETCATALOG_COMPILER_GLOBAL_ACCENT_COLOR_NAME = AccentColor;
				ASSETCATALOG_COMPILER_INCLUDE_ALL_APPICON_ASSETS = YES;
				CODE_SIGN_STYLE = Automatic;
				CURRENT_PROJECT_VERSION = 1;
				DEVELOPMENT_ASSET_PATHS = "\"RealmSweeper/Preview Content\"";
				DEVELOPMENT_TEAM = CV5PJSAH7N;
				ENABLE_PREVIEWS = YES;
				GENERATE_INFOPLIST_FILE = YES;
				INFOPLIST_FILE = RealmSweeper/Info.plist;
				INFOPLIST_KEY_UIApplicationSupportsIndirectInputEvents = YES;
				INFOPLIST_KEY_UILaunchScreen_Generation = YES;
				INFOPLIST_KEY_UIRequiresFullScreen = YES;
				INFOPLIST_KEY_UISupportedInterfaceOrientations = UIInterfaceOrientationPortrait;
				INFOPLIST_KEY_UISupportedInterfaceOrientations_iPad = "UIInterfaceOrientationPortrait UIInterfaceOrientationPortraitUpsideDown UIInterfaceOrientationLandscapeLeft UIInterfaceOrientationLandscapeRight";
				INFOPLIST_KEY_UISupportedInterfaceOrientations_iPhone = "UIInterfaceOrientationPortrait UIInterfaceOrientationLandscapeLeft UIInterfaceOrientationLandscapeRight";
				IPHONEOS_DEPLOYMENT_TARGET = 15.0;
				LD_RUNPATH_SEARCH_PATHS = (
					"$(inherited)",
					"@executable_path/Frameworks",
				);
				MARKETING_VERSION = 1.0;
				PRODUCT_BUNDLE_IDENTIFIER = com.clusterdb.RealmSweeper;
				PRODUCT_NAME = "$(TARGET_NAME)";
				SWIFT_EMIT_LOC_STRINGS = YES;
				SWIFT_VERSION = 5.0;
				TARGETED_DEVICE_FAMILY = "1,2";
			};
			name = Release;
		};
/* End XCBuildConfiguration section */

/* Begin XCConfigurationList section */
		0ABC00102763A0FC003E059B /* Build configuration list for PBXProject "RealmSweeper" */ = {
			isa = XCConfigurationList;
			buildConfigurations = (
				0ABC00212763A0FF003E059B /* Debug */,
				0ABC00222763A0FF003E059B /* Release */,
			);
			defaultConfigurationIsVisible = 0;
			defaultConfigurationName = Release;
		};
		0ABC00232763A0FF003E059B /* Build configuration list for PBXNativeTarget "RealmSweeper" */ = {
			isa = XCConfigurationList;
			buildConfigurations = (
				0ABC00242763A0FF003E059B /* Debug */,
				0ABC00252763A0FF003E059B /* Release */,
			);
			defaultConfigurationIsVisible = 0;
			defaultConfigurationName = Release;
		};
/* End XCConfigurationList section */

/* Begin XCRemoteSwiftPackageReference section */
		0ABC00262763A151003E059B /* XCRemoteSwiftPackageReference "realm-cocoa" */ = {
			isa = XCRemoteSwiftPackageReference;
			repositoryURL = "https://github.com/realm/realm-cocoa";
			requirement = {
				kind = exactVersion;
				version = 10.20.1;
			};
		};
/* End XCRemoteSwiftPackageReference section */

/* Begin XCSwiftPackageProductDependency section */
		0ABC00272763A151003E059B /* Realm */ = {
			isa = XCSwiftPackageProductDependency;
			package = 0ABC00262763A151003E059B /* XCRemoteSwiftPackageReference "realm-cocoa" */;
			productName = Realm;
		};
		0ABC00292763A151003E059B /* RealmSwift */ = {
			isa = XCSwiftPackageProductDependency;
			package = 0ABC00262763A151003E059B /* XCRemoteSwiftPackageReference "realm-cocoa" */;
			productName = RealmSwift;
		};
/* End XCSwiftPackageProductDependency section */
	};
	rootObject = 0ABC000D2763A0FC003E059B /* Project object */;
}
